github.com/pivotal-cf-experimental/garden	64573bcdbff5b89705dd877fd9a595517d191f31
github.com/cloudfoundry-incubator/runtime-schema	7a4201072a85a37e856cedfe8d9e209312bf8323
github.com/cloudfoundry/storeadapter	0f1e77509449a232114b525558650e2fc8365cff
github.com/vito/cmdtest	4b86f8c2259c55e86e4b971cd7dc5dfb03e41b80
github.com/vito/gordon	03213627ae6d64e48685b2e4c7048ff412edf05d
github.com/cloudfoundry/gunk	b548667c85230c2ab374dc53fa1e6528ad23817b
github.com/cloudfoundry-incubator/stager	42e7c9e612bef39be7d80f115f901c052b3a8b5e
github.com/cloudfoundry-incubator/executor	3dd3620a6fe032ed242c17334f25230f0f255f1b
github.com/onsi/ginkgo	7083fb7612a8bc8ef9a48c35b8364fd06fadf9ad
github.com/onsi/gomega	ff48b6baeb8028ce0ad570efbe36b1534b7efd0c
code.google.com/p/gogoprotobuf/proto	5ad34ffef55c3655a6ca3f46adf798484c3e1e2e
github.com/coreos/etcd	03cadc543ff1144840d4bde5b4c7d1ee8e596dfb
github.com/apcera/gnatsd	efa5629e59ec2240b7824d066301fa52d91dacd7
github.com/coreos/go-etcd/etcd	5c0151c64399ff9a8087c2e29ae96145ede7cfc2
github.com/nu7hatch/gouuid	179d4d0c4d8d407a32af483c2354df1d2c91e6c3
github.com/samuel/go-zookeeper/zk	897888e14f7bd6c1c9a70e2973d0f5fbdb28bde0
